
Microsoft Visual Studio Solution File, Format Version 12.00
# Visual Studio Version 17
VisualStudioVersion = 17.0.31903.59
MinimumVisualStudioVersion = 10.0.40219.1
Project("{2150E333-8FDC-42A3-9474-1A3956D46DE8}") = "services", "services", "{8B9E6571-7774-4976-B94F-2673F122F5FC}"
EndProject
Project("{FAE04EC0-301F-11D3-BF4B-00C04F79EFBC}") = "Logistics.Core", "services\core\Logistics.Core.csproj", "{E81B8D71-B57B-4CFA-BDF0-FAF3281072E5}"
EndProject
Global
	GlobalSection(SolutionConfigurationPlatforms) = preSolution
		Debug|Any CPU = Debug|Any CPU
		Release|Any CPU = Release|Any CPU
	EndGlobalSection
	GlobalSection(SolutionProperties) = preSolution
		HideSolutionNode = FALSE
	EndGlobalSection
	GlobalSection(ProjectConfigurationPlatforms) = postSolution
		{E81B8D71-B57B-4CFA-BDF0-FAF3281072E5}.Debug|Any CPU.ActiveCfg = Debug|Any CPU
		{E81B8D71-B57B-4CFA-BDF0-FAF3281072E5}.Debug|Any CPU.Build.0 = Debug|Any CPU
		{E81B8D71-B57B-4CFA-BDF0-FAF3281072E5}.Release|Any CPU.ActiveCfg = Release|Any CPU
		{E81B8D71-B57B-4CFA-BDF0-FAF3281072E5}.Release|Any CPU.Build.0 = Release|Any CPU
	EndGlobalSection
	GlobalSection(NestedProjects) = preSolution
		{E81B8D71-B57B-4CFA-BDF0-FAF3281072E5} = {8B9E6571-7774-4976-B94F-2673F122F5FC}
	EndGlobalSection
EndGlobal
